// !$*UTF8*$!
{
	archiveVersion = 1;
	classes = {
	};
	objectVersion = 45;
	objects = {

/* Begin PBXBuildFile section */
		1D3623260D0F684500981E51 /* AnimatedCellsAppDelegate.m in Sources */ = {isa = PBXBuildFile; fileRef = 1D3623250D0F684500981E51 /* AnimatedCellsAppDelegate.m */; };
		1D60589B0D05DD56006BFB54 /* main.m in Sources */ = {isa = PBXBuildFile; fileRef = 29B97316FDCFA39411CA2CEA /* main.m */; };
		1D60589F0D05DD5A006BFB54 /* Foundation.framework in Frameworks */ = {isa = PBXBuildFile; fileRef = 1D30AB110D05D00D00671497 /* Foundation.framework */; };
		1DF5F4E00D08C38300B7A737 /* UIKit.framework in Frameworks */ = {isa = PBXBuildFile; fileRef = 1DF5F4DF0D08C38300B7A737 /* UIKit.framework */; };
		288765FD0DF74451002DB57D /* CoreGraphics.framework in Frameworks */ = {isa = PBXBuildFile; fileRef = 288765FC0DF74451002DB57D /* CoreGraphics.framework */; };
		28AD733F0D9D9553002E5188 /* MainWindow.xib in Resources */ = {isa = PBXBuildFile; fileRef = 28AD733E0D9D9553002E5188 /* MainWindow.xib */; };
		60538C431280429000D44CDA /* OpenGLES.framework in Frameworks */ = {isa = PBXBuildFile; fileRef = 60538C421280429000D44CDA /* OpenGLES.framework */; };
		60538C451280429000D44CDA /* QuartzCore.framework in Frameworks */ = {isa = PBXBuildFile; fileRef = 60538C441280429000D44CDA /* QuartzCore.framework */; };
		60538C56128042CF00D44CDA /* dgif_lib.c in Sources */ = {isa = PBXBuildFile; fileRef = 60538C47128042CF00D44CDA /* dgif_lib.c */; };
		60538C57128042CF00D44CDA /* egif_lib.c in Sources */ = {isa = PBXBuildFile; fileRef = 60538C48128042CF00D44CDA /* egif_lib.c */; };
		60538C58128042CF00D44CDA /* gif_err.c in Sources */ = {isa = PBXBuildFile; fileRef = 60538C49128042CF00D44CDA /* gif_err.c */; };
		60538C59128042CF00D44CDA /* gifalloc.c in Sources */ = {isa = PBXBuildFile; fileRef = 60538C4C128042CF00D44CDA /* gifalloc.c */; };
		60538C5A128042CF00D44CDA /* GifVideo.m in Sources */ = {isa = PBXBuildFile; fileRef = 60538C4F128042CF00D44CDA /* GifVideo.m */; };
		60538C5B128042CF00D44CDA /* Video.m in Sources */ = {isa = PBXBuildFile; fileRef = 60538C51128042CF00D44CDA /* Video.m */; };
		60538C5C128042CF00D44CDA /* VideoSource.m in Sources */ = {isa = PBXBuildFile; fileRef = 60538C53128042CF00D44CDA /* VideoSource.m */; };
		60538C5D128042CF00D44CDA /* VideoTexture.m in Sources */ = {isa = PBXBuildFile; fileRef = 60538C55128042CF00D44CDA /* VideoTexture.m */; };
		60538CB3128042F100D44CDA /* PlayerView.mm in Sources */ = {isa = PBXBuildFile; fileRef = 60538CB2128042F100D44CDA /* PlayerView.mm */; };
		60538CB61280432500D44CDA /* AnimatedCellsViewController.m in Sources */ = {isa = PBXBuildFile; fileRef = 60538CB51280432500D44CDA /* AnimatedCellsViewController.m */; };
		60538CC212804BDD00D44CDA /* AnimatedCellsViewController.xib in Resources */ = {isa = PBXBuildFile; fileRef = 60538CC112804BDD00D44CDA /* AnimatedCellsViewController.xib */; };
		60538D0412804E7500D44CDA /* animball.gif in Resources */ = {isa = PBXBuildFile; fileRef = 60538D0112804E7500D44CDA /* animball.gif */; };
		60538D0512804E7500D44CDA /* test.gif in Resources */ = {isa = PBXBuildFile; fileRef = 60538D0212804E7500D44CDA /* test.gif */; };
		60538D0612804E7500D44CDA /* anim.gif in Resources */ = {isa = PBXBuildFile; fileRef = 60538D0312804E7500D44CDA /* anim.gif */; };
/* End PBXBuildFile section */

/* Begin PBXFileReference section */
		1D30AB110D05D00D00671497 /* Foundation.framework */ = {isa = PBXFileReference; lastKnownFileType = wrapper.framework; name = Foundation.framework; path = System/Library/Frameworks/Foundation.framework; sourceTree = SDKROOT; };
		1D3623240D0F684500981E51 /* AnimatedCellsAppDelegate.h */ = {isa = PBXFileReference; fileEncoding = 4; lastKnownFileType = sourcecode.c.h; path = AnimatedCellsAppDelegate.h; sourceTree = "<group>"; };
		1D3623250D0F684500981E51 /* AnimatedCellsAppDelegate.m */ = {isa = PBXFileReference; fileEncoding = 4; lastKnownFileType = sourcecode.c.objc; path = AnimatedCellsAppDelegate.m; sourceTree = "<group>"; };
		1D6058910D05DD3D006BFB54 /* AnimatedCells.app */ = {isa = PBXFileReference; explicitFileType = wrapper.application; includeInIndex = 0; path = AnimatedCells.app; sourceTree = BUILT_PRODUCTS_DIR; };
		1DF5F4DF0D08C38300B7A737 /* UIKit.framework */ = {isa = PBXFileReference; lastKnownFileType = wrapper.framework; name = UIKit.framework; path = System/Library/Frameworks/UIKit.framework; sourceTree = SDKROOT; };
		288765FC0DF74451002DB57D /* CoreGraphics.framework */ = {isa = PBXFileReference; lastKnownFileType = wrapper.framework; name = CoreGraphics.framework; path = System/Library/Frameworks/CoreGraphics.framework; sourceTree = SDKROOT; };
		28AD733E0D9D9553002E5188 /* MainWindow.xib */ = {isa = PBXFileReference; lastKnownFileType = file.xib; path = MainWindow.xib; sourceTree = "<group>"; };
		29B97316FDCFA39411CA2CEA /* main.m */ = {isa = PBXFileReference; fileEncoding = 4; lastKnownFileType = sourcecode.c.objc; path = main.m; sourceTree = "<group>"; };
		32CA4F630368D1EE00C91783 /* AnimatedCells_Prefix.pch */ = {isa = PBXFileReference; fileEncoding = 4; lastKnownFileType = sourcecode.c.h; path = AnimatedCells_Prefix.pch; sourceTree = "<group>"; };
		60538C421280429000D44CDA /* OpenGLES.framework */ = {isa = PBXFileReference; lastKnownFileType = wrapper.framework; name = OpenGLES.framework; path = System/Library/Frameworks/OpenGLES.framework; sourceTree = SDKROOT; };
		60538C441280429000D44CDA /* QuartzCore.framework */ = {isa = PBXFileReference; lastKnownFileType = wrapper.framework; name = QuartzCore.framework; path = System/Library/Frameworks/QuartzCore.framework; sourceTree = SDKROOT; };
		60538C47128042CF00D44CDA /* dgif_lib.c */ = {isa = PBXFileReference; fileEncoding = 4; lastKnownFileType = sourcecode.c.c; path = dgif_lib.c; sourceTree = "<group>"; };
		60538C48128042CF00D44CDA /* egif_lib.c */ = {isa = PBXFileReference; fileEncoding = 4; lastKnownFileType = sourcecode.c.c; path = egif_lib.c; sourceTree = "<group>"; };
		60538C49128042CF00D44CDA /* gif_err.c */ = {isa = PBXFileReference; fileEncoding = 4; lastKnownFileType = sourcecode.c.c; path = gif_err.c; sourceTree = "<group>"; };
		60538C4A128042CF00D44CDA /* gif_lib.h */ = {isa = PBXFileReference; fileEncoding = 4; lastKnownFileType = sourcecode.c.h; path = gif_lib.h; sourceTree = "<group>"; };
		60538C4B128042CF00D44CDA /* gif_lib_private.h */ = {isa = PBXFileReference; fileEncoding = 4; lastKnownFileType = sourcecode.c.h; path = gif_lib_private.h; sourceTree = "<group>"; };
		60538C4C128042CF00D44CDA /* gifalloc.c */ = {isa = PBXFileReference; fileEncoding = 4; lastKnownFileType = sourcecode.c.c; path = gifalloc.c; sourceTree = "<group>"; };
		60538C4E128042CF00D44CDA /* GifVideo.h */ = {isa = PBXFileReference; fileEncoding = 4; lastKnownFileType = sourcecode.c.h; path = GifVideo.h; sourceTree = "<group>"; };
		60538C4F128042CF00D44CDA /* GifVideo.m */ = {isa = PBXFileReference; fileEncoding = 4; lastKnownFileType = sourcecode.c.objc; path = GifVideo.m; sourceTree = "<group>"; };
		60538C50128042CF00D44CDA /* Video.h */ = {isa = PBXFileReference; fileEncoding = 4; lastKnownFileType = sourcecode.c.h; path = Video.h; sourceTree = "<group>"; };
		60538C51128042CF00D44CDA /* Video.m */ = {isa = PBXFileReference; fileEncoding = 4; lastKnownFileType = sourcecode.c.objc; path = Video.m; sourceTree = "<group>"; };
		60538C52128042CF00D44CDA /* VideoSource.h */ = {isa = PBXFileReference; fileEncoding = 4; lastKnownFileType = sourcecode.c.h; path = VideoSource.h; sourceTree = "<group>"; };
		60538C53128042CF00D44CDA /* VideoSource.m */ = {isa = PBXFileReference; fileEncoding = 4; lastKnownFileType = sourcecode.c.objc; path = VideoSource.m; sourceTree = "<group>"; };
		60538C54128042CF00D44CDA /* VideoTexture.h */ = {isa = PBXFileReference; fileEncoding = 4; lastKnownFileType = sourcecode.c.h; path = VideoTexture.h; sourceTree = "<group>"; };
		60538C55128042CF00D44CDA /* VideoTexture.m */ = {isa = PBXFileReference; fileEncoding = 4; lastKnownFileType = sourcecode.c.objc; path = VideoTexture.m; sourceTree = "<group>"; };
		60538CB1128042F100D44CDA /* PlayerView.h */ = {isa = PBXFileReference; fileEncoding = 4; lastKnownFileType = sourcecode.c.h; path = PlayerView.h; sourceTree = "<group>"; };
		60538CB2128042F100D44CDA /* PlayerView.mm */ = {isa = PBXFileReference; fileEncoding = 4; lastKnownFileType = sourcecode.cpp.objcpp; path = PlayerView.mm; sourceTree = "<group>"; };
		60538CB41280432500D44CDA /* AnimatedCellsViewController.h */ = {isa = PBXFileReference; fileEncoding = 4; lastKnownFileType = sourcecode.c.h; path = AnimatedCellsViewController.h; sourceTree = "<group>"; };
		60538CB51280432500D44CDA /* AnimatedCellsViewController.m */ = {isa = PBXFileReference; fileEncoding = 4; lastKnownFileType = sourcecode.c.objc; path = AnimatedCellsViewController.m; sourceTree = "<group>"; };
		60538CC112804BDD00D44CDA /* AnimatedCellsViewController.xib */ = {isa = PBXFileReference; lastKnownFileType = file.xib; path = AnimatedCellsViewController.xib; sourceTree = "<group>"; };
		60538D0112804E7500D44CDA /* animball.gif */ = {isa = PBXFileReference; lastKnownFileType = image.gif; path = animball.gif; sourceTree = "<group>"; };
		60538D0212804E7500D44CDA /* test.gif */ = {isa = PBXFileReference; lastKnownFileType = image.gif; path = test.gif; sourceTree = "<group>"; };
		60538D0312804E7500D44CDA /* anim.gif */ = {isa = PBXFileReference; lastKnownFileType = image.gif; path = anim.gif; sourceTree = "<group>"; };
		8D1107310486CEB800E47090 /* AnimatedCells-Info.plist */ = {isa = PBXFileReference; fileEncoding = 4; lastKnownFileType = text.plist.xml; path = "AnimatedCells-Info.plist"; plistStructureDefinitionIdentifier = "com.apple.xcode.plist.structure-definition.iphone.info-plist"; sourceTree = "<group>"; };
/* End PBXFileReference section */

/* Begin PBXFrameworksBuildPhase section */
		1D60588F0D05DD3D006BFB54 /* Frameworks */ = {
			isa = PBXFrameworksBuildPhase;
			buildActionMask = 2147483647;
			files = (
				1D60589F0D05DD5A006BFB54 /* Foundation.framework in Frameworks */,
				1DF5F4E00D08C38300B7A737 /* UIKit.framework in Frameworks */,
				288765FD0DF74451002DB57D /* CoreGraphics.framework in Frameworks */,
				60538C431280429000D44CDA /* OpenGLES.framework in Frameworks */,
				60538C451280429000D44CDA /* QuartzCore.framework in Frameworks */,
			);
			runOnlyForDeploymentPostprocessing = 0;
		};
/* End PBXFrameworksBuildPhase section */

/* Begin PBXGroup section */
		080E96DDFE201D6D7F000001 /* Classes */ = {
			isa = PBXGroup;
			children = (
				60538C46128042CF00D44CDA /* lungif */,
				60538C4D128042CF00D44CDA /* glgif */,
				1D3623240D0F684500981E51 /* AnimatedCellsAppDelegate.h */,
				1D3623250D0F684500981E51 /* AnimatedCellsAppDelegate.m */,
				60538CB1128042F100D44CDA /* PlayerView.h */,
				60538CB2128042F100D44CDA /* PlayerView.mm */,
				60538CB41280432500D44CDA /* AnimatedCellsViewController.h */,
				60538CB51280432500D44CDA /* AnimatedCellsViewController.m */,
			);
			path = Classes;
			sourceTree = "<group>";
		};
		19C28FACFE9D520D11CA2CBB /* Products */ = {
			isa = PBXGroup;
			children = (
				1D6058910D05DD3D006BFB54 /* AnimatedCells.app */,
			);
			name = Products;
			sourceTree = "<group>";
		};
		29B97314FDCFA39411CA2CEA /* CustomTemplate */ = {
			isa = PBXGroup;
			children = (
				080E96DDFE201D6D7F000001 /* Classes */,
				29B97315FDCFA39411CA2CEA /* Other Sources */,
				29B97317FDCFA39411CA2CEA /* Resources */,
				29B97323FDCFA39411CA2CEA /* Frameworks */,
				19C28FACFE9D520D11CA2CBB /* Products */,
			);
			name = CustomTemplate;
			sourceTree = "<group>";
		};
		29B97315FDCFA39411CA2CEA /* Other Sources */ = {
			isa = PBXGroup;
			children = (
				32CA4F630368D1EE00C91783 /* AnimatedCells_Prefix.pch */,
				29B97316FDCFA39411CA2CEA /* main.m */,
			);
			name = "Other Sources";
			sourceTree = "<group>";
		};
		29B97317FDCFA39411CA2CEA /* Resources */ = {
			isa = PBXGroup;
			children = (
				60538D0112804E7500D44CDA /* animball.gif */,
				60538D0212804E7500D44CDA /* test.gif */,
				60538D0312804E7500D44CDA /* anim.gif */,
				28AD733E0D9D9553002E5188 /* MainWindow.xib */,
				8D1107310486CEB800E47090 /* AnimatedCells-Info.plist */,
				60538CC112804BDD00D44CDA /* AnimatedCellsViewController.xib */,
			);
			name = Resources;
			sourceTree = "<group>";
		};
		29B97323FDCFA39411CA2CEA /* Frameworks */ = {
			isa = PBXGroup;
			children = (
				1DF5F4DF0D08C38300B7A737 /* UIKit.framework */,
				1D30AB110D05D00D00671497 /* Foundation.framework */,
				288765FC0DF74451002DB57D /* CoreGraphics.framework */,
				60538C421280429000D44CDA /* OpenGLES.framework */,
				60538C441280429000D44CDA /* QuartzCore.framework */,
			);
			name = Frameworks;
			sourceTree = "<group>";
		};
		60538C46128042CF00D44CDA /* lungif */ = {
			isa = PBXGroup;
			children = (
				60538C47128042CF00D44CDA /* dgif_lib.c */,
				60538C48128042CF00D44CDA /* egif_lib.c */,
				60538C49128042CF00D44CDA /* gif_err.c */,
				60538C4A128042CF00D44CDA /* gif_lib.h */,
				60538C4B128042CF00D44CDA /* gif_lib_private.h */,
				60538C4C128042CF00D44CDA /* gifalloc.c */,
			);
			path = lungif;
			sourceTree = "<group>";
		};
		60538C4D128042CF00D44CDA /* glgif */ = {
			isa = PBXGroup;
			children = (
				60538C4E128042CF00D44CDA /* GifVideo.h */,
				60538C4F128042CF00D44CDA /* GifVideo.m */,
				60538C50128042CF00D44CDA /* Video.h */,
				60538C51128042CF00D44CDA /* Video.m */,
				60538C52128042CF00D44CDA /* VideoSource.h */,
				60538C53128042CF00D44CDA /* VideoSource.m */,
				60538C54128042CF00D44CDA /* VideoTexture.h */,
				60538C55128042CF00D44CDA /* VideoTexture.m */,
			);
			path = glgif;
			sourceTree = "<group>";
		};
/* End PBXGroup section */

/* Begin PBXNativeTarget section */
		1D6058900D05DD3D006BFB54 /* AnimatedCells */ = {
			isa = PBXNativeTarget;
			buildConfigurationList = 1D6058960D05DD3E006BFB54 /* Build configuration list for PBXNativeTarget "AnimatedCells" */;
			buildPhases = (
				1D60588D0D05DD3D006BFB54 /* Resources */,
				1D60588E0D05DD3D006BFB54 /* Sources */,
				1D60588F0D05DD3D006BFB54 /* Frameworks */,
			);
			buildRules = (
			);
			dependencies = (
			);
			name = AnimatedCells;
			productName = AnimatedCells;
			productReference = 1D6058910D05DD3D006BFB54 /* AnimatedCells.app */;
			productType = "com.apple.product-type.application";
		};
/* End PBXNativeTarget section */

/* Begin PBXProject section */
		29B97313FDCFA39411CA2CEA /* Project object */ = {
			isa = PBXProject;
			buildConfigurationList = C01FCF4E08A954540054247B /* Build configuration list for PBXProject "AnimatedCells" */;
			compatibilityVersion = "Xcode 3.1";
			developmentRegion = English;
			hasScannedForEncodings = 1;
			knownRegions = (
				English,
				Japanese,
				French,
				German,
			);
			mainGroup = 29B97314FDCFA39411CA2CEA /* CustomTemplate */;
			projectDirPath = "";
			projectRoot = "";
			targets = (
				1D6058900D05DD3D006BFB54 /* AnimatedCells */,
			);
		};
/* End PBXProject section */

/* Begin PBXResourcesBuildPhase section */
		1D60588D0D05DD3D006BFB54 /* Resources */ = {
			isa = PBXResourcesBuildPhase;
			buildActionMask = 2147483647;
			files = (
				28AD733F0D9D9553002E5188 /* MainWindow.xib in Resources */,
				60538CC212804BDD00D44CDA /* AnimatedCellsViewController.xib in Resources */,
				60538D0412804E7500D44CDA /* animball.gif in Resources */,
				60538D0512804E7500D44CDA /* test.gif in Resources */,
				60538D0612804E7500D44CDA /* anim.gif in Resources */,
			);
			runOnlyForDeploymentPostprocessing = 0;
		};
/* End PBXResourcesBuildPhase section */

/* Begin PBXSourcesBuildPhase section */
		1D60588E0D05DD3D006BFB54 /* Sources */ = {
			isa = PBXSourcesBuildPhase;
			buildActionMask = 2147483647;
			files = (
				1D60589B0D05DD56006BFB54 /* main.m in Sources */,
				1D3623260D0F684500981E51 /* AnimatedCellsAppDelegate.m in Sources */,
				60538C56128042CF00D44CDA /* dgif_lib.c in Sources */,
				60538C57128042CF00D44CDA /* egif_lib.c in Sources */,
				60538C58128042CF00D44CDA /* gif_err.c in Sources */,
				60538C59128042CF00D44CDA /* gifalloc.c in Sources */,
				60538C5A128042CF00D44CDA /* GifVideo.m in Sources */,
				60538C5B128042CF00D44CDA /* Video.m in Sources */,
				60538C5C128042CF00D44CDA /* VideoSource.m in Sources */,
				60538C5D128042CF00D44CDA /* VideoTexture.m in Sources */,
				60538CB3128042F100D44CDA /* PlayerView.mm in Sources */,
				60538CB61280432500D44CDA /* AnimatedCellsViewController.m in Sources */,
			);
			runOnlyForDeploymentPostprocessing = 0;
		};
/* End PBXSourcesBuildPhase section */

/* Begin XCBuildConfiguration section */
		1D6058940D05DD3E006BFB54 /* Debug */ = {
			isa = XCBuildConfiguration;
			buildSettings = {
				ALWAYS_SEARCH_USER_PATHS = NO;
				COPY_PHASE_STRIP = NO;
				GCC_DYNAMIC_NO_PIC = NO;
				GCC_OPTIMIZATION_LEVEL = 0;
				GCC_PRECOMPILE_PREFIX_HEADER = YES;
				GCC_PREFIX_HEADER = AnimatedCells_Prefix.pch;
				INFOPLIST_FILE = "AnimatedCells-Info.plist";
				PRODUCT_NAME = AnimatedCells;
			};
			name = Debug;
		};
		1D6058950D05DD3E006BFB54 /* Release */ = {
			isa = XCBuildConfiguration;
			buildSettings = {
				ALWAYS_SEARCH_USER_PATHS = NO;
				COPY_PHASE_STRIP = YES;
				GCC_PRECOMPILE_PREFIX_HEADER = YES;
				GCC_PREFIX_HEADER = AnimatedCells_Prefix.pch;
				INFOPLIST_FILE = "AnimatedCells-Info.plist";
				PRODUCT_NAME = AnimatedCells;
				VALIDATE_PRODUCT = YES;
			};
			name = Release;
		};
		C01FCF4F08A954540054247B /* Debug */ = {
			isa = XCBuildConfiguration;
			buildSettings = {
				ARCHS = "$(ARCHS_STANDARD_32_BIT)";
				"CODE_SIGN_IDENTITY[sdk=iphoneos*]" = "iPhone Developer";
				GCC_C_LANGUAGE_STANDARD = c99;
				GCC_WARN_ABOUT_RETURN_TYPE = YES;
				GCC_WARN_UNUSED_VARIABLE = YES;
				IPHONEOS_DEPLOYMENT_TARGET = 3.0;
				PREBINDING = NO;
				SDKROOT = iphoneos;
			};
			name = Debug;
		};
		C01FCF5008A954540054247B /* Release */ = {
			isa = XCBuildConfiguration;
			buildSettings = {
				ARCHS = "$(ARCHS_STANDARD_32_BIT)";
				"CODE_SIGN_IDENTITY[sdk=iphoneos*]" = "iPhone Developer";
				GCC_C_LANGUAGE_STANDARD = c99;
				GCC_WARN_ABOUT_RETURN_TYPE = YES;
				GCC_WARN_UNUSED_VARIABLE = YES;
				IPHONEOS_DEPLOYMENT_TARGET = 3.0;
				OTHER_CFLAGS = "-DNS_BLOCK_ASSERTIONS=1";
				PREBINDING = NO;
				SDKROOT = iphoneos;
			};
			name = Release;
		};
/* End XCBuildConfiguration section */

/* Begin XCConfigurationList section */
		1D6058960D05DD3E006BFB54 /* Build configuration list for PBXNativeTarget "AnimatedCells" */ = {
			isa = XCConfigurationList;
			buildConfigurations = (
				1D6058940D05DD3E006BFB54 /* Debug */,
				1D6058950D05DD3E006BFB54 /* Release */,
			);
			defaultConfigurationIsVisible = 0;
			defaultConfigurationName = Release;
		};
		C01FCF4E08A954540054247B /* Build configuration list for PBXProject "AnimatedCells" */ = {
			isa = XCConfigurationList;
			buildConfigurations = (
				C01FCF4F08A954540054247B /* Debug */,
				C01FCF5008A954540054247B /* Release */,
			);
			defaultConfigurationIsVisible = 0;
			defaultConfigurationName = Release;
		};
/* End XCConfigurationList section */
	};
	rootObject = 29B97313FDCFA39411CA2CEA /* Project object */;
}
